
Microsoft Visual Studio Solution File, Format Version 12.00
# Visual Studio 15
VisualStudioVersion = 15.0.28307.168
MinimumVisualStudioVersion = 10.0.40219.1
Project("{FAE04EC0-301F-11D3-BF4B-00C04F79EFBC}") = "ConsoleGame", "ConsoleGame\ConsoleGame.csproj", "{1E8E428C-A698-453C-9199-70C6C7C0E9B9}"
	ProjectSection(ProjectDependencies) = postProject
		{369C1544-43D7-4F0C-9D67-B003DE314913} = {369C1544-43D7-4F0C-9D67-B003DE314913}
	EndProjectSection
EndProject
Project("{FAE04EC0-301F-11D3-BF4B-00C04F79EFBC}") = "BL", "BL\BL.csproj", "{369C1544-43D7-4F0C-9D67-B003DE314913}"
EndProject
Global
	GlobalSection(SolutionConfigurationPlatforms) = preSolution
		Debug|Any CPU = Debug|Any CPU
		Release|Any CPU = Release|Any CPU
	EndGlobalSection
	GlobalSection(ProjectConfigurationPlatforms) = postSolution
		{1E8E428C-A698-453C-9199-70C6C7C0E9B9}.Debug|Any CPU.ActiveCfg = Debug|Any CPU
		{1E8E428C-A698-453C-9199-70C6C7C0E9B9}.Debug|Any CPU.Build.0 = Debug|Any CPU
		{1E8E428C-A698-453C-9199-70C6C7C0E9B9}.Release|Any CPU.ActiveCfg = Release|Any CPU
		{1E8E428C-A698-453C-9199-70C6C7C0E9B9}.Release|Any CPU.Build.0 = Release|Any CPU
		{369C1544-43D7-4F0C-9D67-B003DE314913}.Debug|Any CPU.ActiveCfg = Debug|Any CPU
		{369C1544-43D7-4F0C-9D67-B003DE314913}.Debug|Any CPU.Build.0 = Debug|Any CPU
		{369C1544-43D7-4F0C-9D67-B003DE314913}.Release|Any CPU.ActiveCfg = Release|Any CPU
		{369C1544-43D7-4F0C-9D67-B003DE314913}.Release|Any CPU.Build.0 = Release|Any CPU
	EndGlobalSection
	GlobalSection(SolutionProperties) = preSolution
		HideSolutionNode = FALSE
	EndGlobalSection
	GlobalSection(ExtensibilityGlobals) = postSolution
		SolutionGuid = {7CD00F6C-43F3-4E58-9657-D8797A8F0E37}
	EndGlobalSection
EndGlobal
